
Microsoft Visual Studio Solution File, Format Version 12.00
# Visual Studio 15
VisualStudioVersion = 15.0.27703.2047
MinimumVisualStudioVersion = 10.0.40219.1
Project("{2150E333-8FDC-42A3-9474-1A3956D46DE8}") = "Src", "Src", "{D1F7B3A7-CAC8-4FF2-8A2B-307809D72DFD}"
EndProject
Project("{2150E333-8FDC-42A3-9474-1A3956D46DE8}") = "Sst", "Sst", "{874CEDC4-BB25-4513-BC51-2EE2BE10976D}"
EndProject
Project("{9A19103F-16F7-4668-BE54-9A1E7A4F7556}") = "Ssc", "Src\Ssc\Ssc.csproj", "{0A0961CE-368A-4229-99B6-2CA33F83EBED}"
EndProject
Project("{9A19103F-16F7-4668-BE54-9A1E7A4F7556}") = "Ssf", "Src\Ssf\Ssf.csproj", "{F5E19B4F-B56B-41F7-A673-79720AE196E9}"
EndProject
Project("{FAE04EC0-301F-11D3-BF4B-00C04F79EFBC}") = "Ssu", "Src\Ssu\Ssu.csproj", "{9C167284-9257-4674-AF76-3618AB987930}"
EndProject
Project("{9A19103F-16F7-4668-BE54-9A1E7A4F7556}") = "Ssm", "Src\Ssm\Ssm.csproj", "{4BBE1740-4EAB-4058-A641-32458B1D5C72}"
EndProject
Project("{9A19103F-16F7-4668-BE54-9A1E7A4F7556}") = "Sss", "Src\Sss\Sss.csproj", "{81F89568-00C1-4217-88E4-10885FE14943}"
EndProject
Project("{FAE04EC0-301F-11D3-BF4B-00C04F79EFBC}") = "Ssu_Editor", "Src\Ssu_Editor\Ssu_Editor.csproj", "{1200FB2D-6520-4593-A999-53A9BF621DBA}"
EndProject
Project("{2150E333-8FDC-42A3-9474-1A3956D46DE8}") = "Tests", "Tests", "{416E304D-5967-4685-8C45-5B6CD48DC728}"
EndProject
Project("{2150E333-8FDC-42A3-9474-1A3956D46DE8}") = "Demos", "Demos", "{7179B82C-9D75-472C-BB74-2E63DD725222}"
EndProject
Project("{9A19103F-16F7-4668-BE54-9A1E7A4F7556}") = "Framework", "Demos\Framework\Framework.csproj", "{782B045C-D86F-4450-9EB0-69C200B06198}"
EndProject
Project("{9A19103F-16F7-4668-BE54-9A1E7A4F7556}") = "LuaModule", "Demos\LuaModule\LuaModule.csproj", "{85DD8904-7EEC-4EE1-A4A0-47E4185B7F25}"
EndProject
Project("{9A19103F-16F7-4668-BE54-9A1E7A4F7556}") = "Test", "Tests\Test\Test.csproj", "{E76D3ADF-6094-4433-8765-866F1E6FAA59}"
EndProject
Project("{9A19103F-16F7-4668-BE54-9A1E7A4F7556}") = "PythonModule", "Demos\PythonModule\PythonModule.csproj", "{FD7DDE07-6EAA-45CB-82B9-F096F763103D}"
EndProject
Project("{9A19103F-16F7-4668-BE54-9A1E7A4F7556}") = "PythonTemplate", "Src\Sst\PythonTemplate\PythonTemplate.csproj", "{9093C019-4FA7-46FD-8174-ED2FEE7CE128}"
EndProject
Project("{9A19103F-16F7-4668-BE54-9A1E7A4F7556}") = "CSharpModule", "Demos\CSharpModule\CSharpModule.csproj", "{5657F30D-6517-4495-BE25-2394DC75EAA0}"
EndProject
Project("{9A19103F-16F7-4668-BE54-9A1E7A4F7556}") = "Common", "Demos\Common\Common.csproj", "{F300A80A-6976-4E10-8C04-30B791469C9D}"
EndProject
Project("{9A19103F-16F7-4668-BE54-9A1E7A4F7556}") = "LuaTemplate", "Src\Sst\LuaTemplate\LuaTemplate.csproj", "{4FF2663F-4B49-49EA-9DE6-4A5AB9EC1222}"
EndProject
Global
	GlobalSection(SolutionConfigurationPlatforms) = preSolution
		Debug|Any CPU = Debug|Any CPU
		Release|Any CPU = Release|Any CPU
	EndGlobalSection
	GlobalSection(ProjectConfigurationPlatforms) = postSolution
		{0A0961CE-368A-4229-99B6-2CA33F83EBED}.Debug|Any CPU.ActiveCfg = Debug|Any CPU
		{0A0961CE-368A-4229-99B6-2CA33F83EBED}.Debug|Any CPU.Build.0 = Debug|Any CPU
		{0A0961CE-368A-4229-99B6-2CA33F83EBED}.Release|Any CPU.ActiveCfg = Release|Any CPU
		{0A0961CE-368A-4229-99B6-2CA33F83EBED}.Release|Any CPU.Build.0 = Release|Any CPU
		{F5E19B4F-B56B-41F7-A673-79720AE196E9}.Debug|Any CPU.ActiveCfg = Debug|Any CPU
		{F5E19B4F-B56B-41F7-A673-79720AE196E9}.Debug|Any CPU.Build.0 = Debug|Any CPU
		{F5E19B4F-B56B-41F7-A673-79720AE196E9}.Release|Any CPU.ActiveCfg = Release|Any CPU
		{F5E19B4F-B56B-41F7-A673-79720AE196E9}.Release|Any CPU.Build.0 = Release|Any CPU
		{9C167284-9257-4674-AF76-3618AB987930}.Debug|Any CPU.ActiveCfg = Debug|Any CPU
		{9C167284-9257-4674-AF76-3618AB987930}.Debug|Any CPU.Build.0 = Debug|Any CPU
		{9C167284-9257-4674-AF76-3618AB987930}.Release|Any CPU.ActiveCfg = Release|Any CPU
		{9C167284-9257-4674-AF76-3618AB987930}.Release|Any CPU.Build.0 = Release|Any CPU
		{4BBE1740-4EAB-4058-A641-32458B1D5C72}.Debug|Any CPU.ActiveCfg = Debug|Any CPU
		{4BBE1740-4EAB-4058-A641-32458B1D5C72}.Debug|Any CPU.Build.0 = Debug|Any CPU
		{4BBE1740-4EAB-4058-A641-32458B1D5C72}.Release|Any CPU.ActiveCfg = Release|Any CPU
		{4BBE1740-4EAB-4058-A641-32458B1D5C72}.Release|Any CPU.Build.0 = Release|Any CPU
		{81F89568-00C1-4217-88E4-10885FE14943}.Debug|Any CPU.ActiveCfg = Debug|Any CPU
		{81F89568-00C1-4217-88E4-10885FE14943}.Debug|Any CPU.Build.0 = Debug|Any CPU
		{81F89568-00C1-4217-88E4-10885FE14943}.Release|Any CPU.ActiveCfg = Release|Any CPU
		{81F89568-00C1-4217-88E4-10885FE14943}.Release|Any CPU.Build.0 = Release|Any CPU
		{1200FB2D-6520-4593-A999-53A9BF621DBA}.Debug|Any CPU.ActiveCfg = Debug|Any CPU
		{1200FB2D-6520-4593-A999-53A9BF621DBA}.Debug|Any CPU.Build.0 = Debug|Any CPU
		{1200FB2D-6520-4593-A999-53A9BF621DBA}.Release|Any CPU.ActiveCfg = Release|Any CPU
		{1200FB2D-6520-4593-A999-53A9BF621DBA}.Release|Any CPU.Build.0 = Release|Any CPU
		{782B045C-D86F-4450-9EB0-69C200B06198}.Debug|Any CPU.ActiveCfg = Debug|Any CPU
		{782B045C-D86F-4450-9EB0-69C200B06198}.Debug|Any CPU.Build.0 = Debug|Any CPU
		{782B045C-D86F-4450-9EB0-69C200B06198}.Release|Any CPU.ActiveCfg = Release|Any CPU
		{782B045C-D86F-4450-9EB0-69C200B06198}.Release|Any CPU.Build.0 = Release|Any CPU
		{85DD8904-7EEC-4EE1-A4A0-47E4185B7F25}.Debug|Any CPU.ActiveCfg = Debug|Any CPU
		{85DD8904-7EEC-4EE1-A4A0-47E4185B7F25}.Debug|Any CPU.Build.0 = Debug|Any CPU
		{85DD8904-7EEC-4EE1-A4A0-47E4185B7F25}.Release|Any CPU.ActiveCfg = Release|Any CPU
		{85DD8904-7EEC-4EE1-A4A0-47E4185B7F25}.Release|Any CPU.Build.0 = Release|Any CPU
		{E76D3ADF-6094-4433-8765-866F1E6FAA59}.Debug|Any CPU.ActiveCfg = Debug|Any CPU
		{E76D3ADF-6094-4433-8765-866F1E6FAA59}.Debug|Any CPU.Build.0 = Debug|Any CPU
		{E76D3ADF-6094-4433-8765-866F1E6FAA59}.Release|Any CPU.ActiveCfg = Release|Any CPU
		{E76D3ADF-6094-4433-8765-866F1E6FAA59}.Release|Any CPU.Build.0 = Release|Any CPU
		{FD7DDE07-6EAA-45CB-82B9-F096F763103D}.Debug|Any CPU.ActiveCfg = Debug|Any CPU
		{FD7DDE07-6EAA-45CB-82B9-F096F763103D}.Debug|Any CPU.Build.0 = Debug|Any CPU
		{FD7DDE07-6EAA-45CB-82B9-F096F763103D}.Release|Any CPU.ActiveCfg = Release|Any CPU
		{FD7DDE07-6EAA-45CB-82B9-F096F763103D}.Release|Any CPU.Build.0 = Release|Any CPU
		{9093C019-4FA7-46FD-8174-ED2FEE7CE128}.Debug|Any CPU.ActiveCfg = Debug|Any CPU
		{9093C019-4FA7-46FD-8174-ED2FEE7CE128}.Debug|Any CPU.Build.0 = Debug|Any CPU
		{9093C019-4FA7-46FD-8174-ED2FEE7CE128}.Release|Any CPU.ActiveCfg = Release|Any CPU
		{9093C019-4FA7-46FD-8174-ED2FEE7CE128}.Release|Any CPU.Build.0 = Release|Any CPU
		{5657F30D-6517-4495-BE25-2394DC75EAA0}.Debug|Any CPU.ActiveCfg = Debug|Any CPU
		{5657F30D-6517-4495-BE25-2394DC75EAA0}.Debug|Any CPU.Build.0 = Debug|Any CPU
		{5657F30D-6517-4495-BE25-2394DC75EAA0}.Release|Any CPU.ActiveCfg = Release|Any CPU
		{5657F30D-6517-4495-BE25-2394DC75EAA0}.Release|Any CPU.Build.0 = Release|Any CPU
		{F300A80A-6976-4E10-8C04-30B791469C9D}.Debug|Any CPU.ActiveCfg = Debug|Any CPU
		{F300A80A-6976-4E10-8C04-30B791469C9D}.Debug|Any CPU.Build.0 = Debug|Any CPU
		{F300A80A-6976-4E10-8C04-30B791469C9D}.Release|Any CPU.ActiveCfg = Release|Any CPU
		{F300A80A-6976-4E10-8C04-30B791469C9D}.Release|Any CPU.Build.0 = Release|Any CPU
		{4FF2663F-4B49-49EA-9DE6-4A5AB9EC1222}.Debug|Any CPU.ActiveCfg = Debug|Any CPU
		{4FF2663F-4B49-49EA-9DE6-4A5AB9EC1222}.Debug|Any CPU.Build.0 = Debug|Any CPU
		{4FF2663F-4B49-49EA-9DE6-4A5AB9EC1222}.Release|Any CPU.ActiveCfg = Release|Any CPU
		{4FF2663F-4B49-49EA-9DE6-4A5AB9EC1222}.Release|Any CPU.Build.0 = Release|Any CPU
	EndGlobalSection
	GlobalSection(SolutionProperties) = preSolution
		HideSolutionNode = FALSE
	EndGlobalSection
	GlobalSection(NestedProjects) = preSolution
		{874CEDC4-BB25-4513-BC51-2EE2BE10976D} = {D1F7B3A7-CAC8-4FF2-8A2B-307809D72DFD}
		{0A0961CE-368A-4229-99B6-2CA33F83EBED} = {D1F7B3A7-CAC8-4FF2-8A2B-307809D72DFD}
		{F5E19B4F-B56B-41F7-A673-79720AE196E9} = {D1F7B3A7-CAC8-4FF2-8A2B-307809D72DFD}
		{9C167284-9257-4674-AF76-3618AB987930} = {D1F7B3A7-CAC8-4FF2-8A2B-307809D72DFD}
		{4BBE1740-4EAB-4058-A641-32458B1D5C72} = {D1F7B3A7-CAC8-4FF2-8A2B-307809D72DFD}
		{81F89568-00C1-4217-88E4-10885FE14943} = {D1F7B3A7-CAC8-4FF2-8A2B-307809D72DFD}
		{1200FB2D-6520-4593-A999-53A9BF621DBA} = {D1F7B3A7-CAC8-4FF2-8A2B-307809D72DFD}
		{782B045C-D86F-4450-9EB0-69C200B06198} = {7179B82C-9D75-472C-BB74-2E63DD725222}
		{85DD8904-7EEC-4EE1-A4A0-47E4185B7F25} = {7179B82C-9D75-472C-BB74-2E63DD725222}
		{E76D3ADF-6094-4433-8765-866F1E6FAA59} = {416E304D-5967-4685-8C45-5B6CD48DC728}
		{FD7DDE07-6EAA-45CB-82B9-F096F763103D} = {7179B82C-9D75-472C-BB74-2E63DD725222}
		{9093C019-4FA7-46FD-8174-ED2FEE7CE128} = {874CEDC4-BB25-4513-BC51-2EE2BE10976D}
		{5657F30D-6517-4495-BE25-2394DC75EAA0} = {7179B82C-9D75-472C-BB74-2E63DD725222}
		{F300A80A-6976-4E10-8C04-30B791469C9D} = {7179B82C-9D75-472C-BB74-2E63DD725222}
		{4FF2663F-4B49-49EA-9DE6-4A5AB9EC1222} = {874CEDC4-BB25-4513-BC51-2EE2BE10976D}
	EndGlobalSection
	GlobalSection(ExtensibilityGlobals) = postSolution
		SolutionGuid = {AF361C12-9823-4F34-B8B2-E3489165D0B9}
	EndGlobalSection
EndGlobal
